{
  "originHash" : "f76f0101490caead310694b4522ef96dbd8afe25abcfa4a1d281d8c003ff9089",
  "pins" : [
    {
      "identity" : "autopilot-core",
      "kind" : "remoteSourceControl",
      "location" : "https://github.com/jschwefel-CBB/autopilot-core",
      "state" : {
        "revision" : "e3fb275677486c62d07ec70e685a5cc721bf4f68",
        "version" : "2.0.0"
      }
    },
    {
      "identity" : "swift-argument-parser",
      "kind" : "remoteSourceControl",
      "location" : "https://github.com/apple/swift-argument-parser",
      "state" : {
        "revision" : "6a52f3251125d74daf04fcbd5e6f08a75d074382",
        "version" : "1.8.2"
      }
    }
  ],
  "version" : 3
}
